// !$*UTF8*$!
{
	archiveVersion = 1;
	classes = {
	};
	objectVersion = 46;
	objects = {

/* Begin PBXBuildFile section */
		3EF604930D4DC84B07ABFCD3 /* Pods_HW8_ToDoFour.framework in Frameworks */ = {isa = PBXBuildFile; fileRef = 54316D42B1A57834AF570010 /* Pods_HW8_ToDoFour.framework */; settings = {ATTRIBUTES = (Weak, ); }; };
		806EED9A1ABE21A200D89905 /* AppDelegate.swift in Sources */ = {isa = PBXBuildFile; fileRef = 806EED991ABE21A200D89905 /* AppDelegate.swift */; };
		806EED9C1ABE21A200D89905 /* ViewController.swift in Sources */ = {isa = PBXBuildFile; fileRef = 806EED9B1ABE21A200D89905 /* ViewController.swift */; };
		806EED9F1ABE21A200D89905 /* Main.storyboard in Resources */ = {isa = PBXBuildFile; fileRef = 806EED9D1ABE21A200D89905 /* Main.storyboard */; };
		806EEDA11ABE21A200D89905 /* Images.xcassets in Resources */ = {isa = PBXBuildFile; fileRef = 806EEDA01ABE21A200D89905 /* Images.xcassets */; };
		806EEDA41ABE21A200D89905 /* LaunchScreen.xib in Resources */ = {isa = PBXBuildFile; fileRef = 806EEDA21ABE21A200D89905 /* LaunchScreen.xib */; };
		806EEDB01ABE21A200D89905 /* HW8_ToDoFourTests.swift in Sources */ = {isa = PBXBuildFile; fileRef = 806EEDAF1ABE21A200D89905 /* HW8_ToDoFourTests.swift */; };
/* End PBXBuildFile section */

/* Begin PBXContainerItemProxy section */
		806EEDAA1ABE21A200D89905 /* PBXContainerItemProxy */ = {
			isa = PBXContainerItemProxy;
			containerPortal = 806EED8C1ABE21A200D89905 /* Project object */;
			proxyType = 1;
			remoteGlobalIDString = 806EED931ABE21A200D89905;
			remoteInfo = "HW8-ToDoFour";
		};
/* End PBXContainerItemProxy section */

/* Begin PBXFileReference section */
		54316D42B1A57834AF570010 /* Pods_HW8_ToDoFour.framework */ = {isa = PBXFileReference; explicitFileType = wrapper.framework; includeInIndex = 0; path = Pods_HW8_ToDoFour.framework; sourceTree = BUILT_PRODUCTS_DIR; };
		6781A4002229E548981AA140 /* Pods-HW8-ToDoFour.release.xcconfig */ = {isa = PBXFileReference; includeInIndex = 1; lastKnownFileType = text.xcconfig; name = "Pods-HW8-ToDoFour.release.xcconfig"; path = "Pods/Target Support Files/Pods-HW8-ToDoFour/Pods-HW8-ToDoFour.release.xcconfig"; sourceTree = "<group>"; };
		7830E65C6DE7186282D34726 /* Pods-HW8-ToDoFour.debug.xcconfig */ = {isa = PBXFileReference; includeInIndex = 1; lastKnownFileType = text.xcconfig; name = "Pods-HW8-ToDoFour.debug.xcconfig"; path = "Pods/Target Support Files/Pods-HW8-ToDoFour/Pods-HW8-ToDoFour.debug.xcconfig"; sourceTree = "<group>"; };
		806EED941ABE21A200D89905 /* HW8-ToDoFour.app */ = {isa = PBXFileReference; explicitFileType = wrapper.application; includeInIndex = 0; path = "HW8-ToDoFour.app"; sourceTree = BUILT_PRODUCTS_DIR; };
		806EED981ABE21A200D89905 /* Info.plist */ = {isa = PBXFileReference; lastKnownFileType = text.plist.xml; path = Info.plist; sourceTree = "<group>"; };
		806EED991ABE21A200D89905 /* AppDelegate.swift */ = {isa = PBXFileReference; lastKnownFileType = sourcecode.swift; path = AppDelegate.swift; sourceTree = "<group>"; };
		806EED9B1ABE21A200D89905 /* ViewController.swift */ = {isa = PBXFileReference; lastKnownFileType = sourcecode.swift; path = ViewController.swift; sourceTree = "<group>"; };
		806EED9E1ABE21A200D89905 /* Base */ = {isa = PBXFileReference; lastKnownFileType = file.storyboard; name = Base; path = Base.lproj/Main.storyboard; sourceTree = "<group>"; };
		806EEDA01ABE21A200D89905 /* Images.xcassets */ = {isa = PBXFileReference; lastKnownFileType = folder.assetcatalog; path = Images.xcassets; sourceTree = "<group>"; };
		806EEDA31ABE21A200D89905 /* Base */ = {isa = PBXFileReference; lastKnownFileType = file.xib; name = Base; path = Base.lproj/LaunchScreen.xib; sourceTree = "<group>"; };
		806EEDA91ABE21A200D89905 /* HW8-ToDoFourTests.xctest */ = {isa = PBXFileReference; explicitFileType = wrapper.cfbundle; includeInIndex = 0; path = "HW8-ToDoFourTests.xctest"; sourceTree = BUILT_PRODUCTS_DIR; };
		806EEDAE1ABE21A200D89905 /* Info.plist */ = {isa = PBXFileReference; lastKnownFileType = text.plist.xml; path = Info.plist; sourceTree = "<group>"; };
		806EEDAF1ABE21A200D89905 /* HW8_ToDoFourTests.swift */ = {isa = PBXFileReference; lastKnownFileType = sourcecode.swift; path = HW8_ToDoFourTests.swift; sourceTree = "<group>"; };
/* End PBXFileReference section */

/* Begin PBXFrameworksBuildPhase section */
		806EED911ABE21A200D89905 /* Frameworks */ = {
			isa = PBXFrameworksBuildPhase;
			buildActionMask = 2147483647;
			files = (
				3EF604930D4DC84B07ABFCD3 /* Pods_HW8_ToDoFour.framework in Frameworks */,
			);
			runOnlyForDeploymentPostprocessing = 0;
		};
		806EEDA61ABE21A200D89905 /* Frameworks */ = {
			isa = PBXFrameworksBuildPhase;
			buildActionMask = 2147483647;
			files = (
			);
			runOnlyForDeploymentPostprocessing = 0;
		};
/* End PBXFrameworksBuildPhase section */

/* Begin PBXGroup section */
		228F081DE4C0A5FC9EAE7946 /* Pods */ = {
			isa = PBXGroup;
			children = (
				7830E65C6DE7186282D34726 /* Pods-HW8-ToDoFour.debug.xcconfig */,
				6781A4002229E548981AA140 /* Pods-HW8-ToDoFour.release.xcconfig */,
			);
			name = Pods;
			sourceTree = "<group>";
		};
		806EED8B1ABE21A200D89905 = {
			isa = PBXGroup;
			children = (
				806EED961ABE21A200D89905 /* HW8-ToDoFour */,
				806EEDAC1ABE21A200D89905 /* HW8-ToDoFourTests */,
				806EED951ABE21A200D89905 /* Products */,
				228F081DE4C0A5FC9EAE7946 /* Pods */,
				B6782EC1FD4D81A8B1B7B761 /* Frameworks */,
			);
			sourceTree = "<group>";
		};
		806EED951ABE21A200D89905 /* Products */ = {
			isa = PBXGroup;
			children = (
				806EED941ABE21A200D89905 /* HW8-ToDoFour.app */,
				806EEDA91ABE21A200D89905 /* HW8-ToDoFourTests.xctest */,
			);
			name = Products;
			sourceTree = "<group>";
		};
		806EED961ABE21A200D89905 /* HW8-ToDoFour */ = {
			isa = PBXGroup;
			children = (
				806EED991ABE21A200D89905 /* AppDelegate.swift */,
				806EED9B1ABE21A200D89905 /* ViewController.swift */,
				806EED9D1ABE21A200D89905 /* Main.storyboard */,
				806EEDA01ABE21A200D89905 /* Images.xcassets */,
				806EEDA21ABE21A200D89905 /* LaunchScreen.xib */,
				806EED971ABE21A200D89905 /* Supporting Files */,
			);
			path = "HW8-ToDoFour";
			sourceTree = "<group>";
		};
		806EED971ABE21A200D89905 /* Supporting Files */ = {
			isa = PBXGroup;
			children = (
				806EED981ABE21A200D89905 /* Info.plist */,
			);
			name = "Supporting Files";
			sourceTree = "<group>";
		};
		806EEDAC1ABE21A200D89905 /* HW8-ToDoFourTests */ = {
			isa = PBXGroup;
			children = (
				806EEDAF1ABE21A200D89905 /* HW8_ToDoFourTests.swift */,
				806EEDAD1ABE21A200D89905 /* Supporting Files */,
			);
			path = "HW8-ToDoFourTests";
			sourceTree = "<group>";
		};
		806EEDAD1ABE21A200D89905 /* Supporting Files */ = {
			isa = PBXGroup;
			children = (
				806EEDAE1ABE21A200D89905 /* Info.plist */,
			);
			name = "Supporting Files";
			sourceTree = "<group>";
		};
		B6782EC1FD4D81A8B1B7B761 /* Frameworks */ = {
			isa = PBXGroup;
			children = (
				54316D42B1A57834AF570010 /* Pods_HW8_ToDoFour.framework */,
			);
			name = Frameworks;
			sourceTree = "<group>";
		};
/* End PBXGroup section */

/* Begin PBXNativeTarget section */
		806EED931ABE21A200D89905 /* HW8-ToDoFour */ = {
			isa = PBXNativeTarget;
			buildConfigurationList = 806EEDB31ABE21A200D89905 /* Build configuration list for PBXNativeTarget "HW8-ToDoFour" */;
			buildPhases = (
				8B7ABDBFE93D456FBD49AB07 /* Check Pods Manifest.lock */,
				806EED901ABE21A200D89905 /* Sources */,
				806EED911ABE21A200D89905 /* Frameworks */,
				806EED921ABE21A200D89905 /* Resources */,
				E54590D9BA8494862C1F3DDC /* Embed Pods Frameworks */,
				DC299E71B14FFDFA5DC69146 /* Copy Pods Resources */,
			);
			buildRules = (
			);
			dependencies = (
			);
			name = "HW8-ToDoFour";
			productName = "HW8-ToDoFour";
			productReference = 806EED941ABE21A200D89905 /* HW8-ToDoFour.app */;
			productType = "com.apple.product-type.application";
		};
		806EEDA81ABE21A200D89905 /* HW8-ToDoFourTests */ = {
			isa = PBXNativeTarget;
			buildConfigurationList = 806EEDB61ABE21A200D89905 /* Build configuration list for PBXNativeTarget "HW8-ToDoFourTests" */;
			buildPhases = (
				806EEDA51ABE21A200D89905 /* Sources */,
				806EEDA61ABE21A200D89905 /* Frameworks */,
				806EEDA71ABE21A200D89905 /* Resources */,
			);
			buildRules = (
			);
			dependencies = (
				806EEDAB1ABE21A200D89905 /* PBXTargetDependency */,
			);
			name = "HW8-ToDoFourTests";
			productName = "HW8-ToDoFourTests";
			productReference = 806EEDA91ABE21A200D89905 /* HW8-ToDoFourTests.xctest */;
			productType = "com.apple.product-type.bundle.unit-test";
		};
/* End PBXNativeTarget section */

/* Begin PBXProject section */
		806EED8C1ABE21A200D89905 /* Project object */ = {
			isa = PBXProject;
			attributes = {
				LastUpgradeCheck = 0620;
				ORGANIZATIONNAME = "Bumhan Yu";
				TargetAttributes = {
					806EED931ABE21A200D89905 = {
						CreatedOnToolsVersion = 6.2;
					};
					806EEDA81ABE21A200D89905 = {
						CreatedOnToolsVersion = 6.2;
						TestTargetID = 806EED931ABE21A200D89905;
					};
				};
			};
			buildConfigurationList = 806EED8F1ABE21A200D89905 /* Build configuration list for PBXProject "HW8-ToDoFour" */;
			compatibilityVersion = "Xcode 3.2";
			developmentRegion = English;
			hasScannedForEncodings = 0;
			knownRegions = (
				en,
				Base,
			);
			mainGroup = 806EED8B1ABE21A200D89905;
			productRefGroup = 806EED951ABE21A200D89905 /* Products */;
			projectDirPath = "";
			projectRoot = "";
			targets = (
				806EED931ABE21A200D89905 /* HW8-ToDoFour */,
				806EEDA81ABE21A200D89905 /* HW8-ToDoFourTests */,
			);
		};
/* End PBXProject section */

/* Begin PBXResourcesBuildPhase section */
		806EED921ABE21A200D89905 /* Resources */ = {
			isa = PBXResourcesBuildPhase;
			buildActionMask = 2147483647;
			files = (
				806EED9F1ABE21A200D89905 /* Main.storyboard in Resources */,
				806EEDA41ABE21A200D89905 /* LaunchScreen.xib in Resources */,
				806EEDA11ABE21A200D89905 /* Images.xcassets in Resources */,
			);
			runOnlyForDeploymentPostprocessing = 0;
		};
		806EEDA71ABE21A200D89905 /* Resources */ = {
			isa = PBXResourcesBuildPhase;
			buildActionMask = 2147483647;
			files = (
			);
			runOnlyForDeploymentPostprocessing = 0;
		};
/* End PBXResourcesBuildPhase section */

/* Begin PBXShellScriptBuildPhase section */
		8B7ABDBFE93D456FBD49AB07 /* Check Pods Manifest.lock */ = {
			isa = PBXShellScriptBuildPhase;
			buildActionMask = 2147483647;
			files = (
			);
			inputPaths = (
			);
			name = "Check Pods Manifest.lock";
			outputPaths = (
			);
			runOnlyForDeploymentPostprocessing = 0;
			shellPath = /bin/sh;
			shellScript = "diff \"${PODS_ROOT}/../Podfile.lock\" \"${PODS_ROOT}/Manifest.lock\" > /dev/null\nif [[ $? != 0 ]] ; then\n    cat << EOM\nerror: The sandbox is not in sync with the Podfile.lock. Run 'pod install' or update your CocoaPods installation.\nEOM\n    exit 1\nfi\n";
			showEnvVarsInLog = 0;
		};
		DC299E71B14FFDFA5DC69146 /* Copy Pods Resources */ = {
			isa = PBXShellScriptBuildPhase;
			buildActionMask = 2147483647;
			files = (
			);
			inputPaths = (
			);
			name = "Copy Pods Resources";
			outputPaths = (
			);
			runOnlyForDeploymentPostprocessing = 0;
			shellPath = /bin/sh;
			shellScript = "\"${SRCROOT}/Pods/Target Support Files/Pods-HW8-ToDoFour/Pods-HW8-ToDoFour-resources.sh\"\n";
			showEnvVarsInLog = 0;
		};
		E54590D9BA8494862C1F3DDC /* Embed Pods Frameworks */ = {
			isa = PBXShellScriptBuildPhase;
			buildActionMask = 2147483647;
			files = (
			);
			inputPaths = (
			);
			name = "Embed Pods Frameworks";
			outputPaths = (
			);
			runOnlyForDeploymentPostprocessing = 0;
			shellPath = /bin/sh;
			shellScript = "\"${SRCROOT}/Pods/Target Support Files/Pods-HW8-ToDoFour/Pods-HW8-ToDoFour-frameworks.sh\"\n";
			showEnvVarsInLog = 0;
		};
/* End PBXShellScriptBuildPhase section */

/* Begin PBXSourcesBuildPhase section */
		806EED901ABE21A200D89905 /* Sources */ = {
			isa = PBXSourcesBuildPhase;
			buildActionMask = 2147483647;
			files = (
				806EED9C1ABE21A200D89905 /* ViewController.swift in Sources */,
				806EED9A1ABE21A200D89905 /* AppDelegate.swift in Sources */,
			);
			runOnlyForDeploymentPostprocessing = 0;
		};
		806EEDA51ABE21A200D89905 /* Sources */ = {
			isa = PBXSourcesBuildPhase;
			buildActionMask = 2147483647;
			files = (
				806EEDB01ABE21A200D89905 /* HW8_ToDoFourTests.swift in Sources */,
			);
			runOnlyForDeploymentPostprocessing = 0;
		};
/* End PBXSourcesBuildPhase section */

/* Begin PBXTargetDependency section */
		806EEDAB1ABE21A200D89905 /* PBXTargetDependency */ = {
			isa = PBXTargetDependency;
			target = 806EED931ABE21A200D89905 /* HW8-ToDoFour */;
			targetProxy = 806EEDAA1ABE21A200D89905 /* PBXContainerItemProxy */;
		};
/* End PBXTargetDependency section */

/* Begin PBXVariantGroup section */
		806EED9D1ABE21A200D89905 /* Main.storyboard */ = {
			isa = PBXVariantGroup;
			children = (
				806EED9E1ABE21A200D89905 /* Base */,
			);
			name = Main.storyboard;
			sourceTree = "<group>";
		};
		806EEDA21ABE21A200D89905 /* LaunchScreen.xib */ = {
			isa = PBXVariantGroup;
			children = (
				806EEDA31ABE21A200D89905 /* Base */,
			);
			name = LaunchScreen.xib;
			sourceTree = "<group>";
		};
/* End PBXVariantGroup section */

/* Begin XCBuildConfiguration section */
		806EEDB11ABE21A200D89905 /* Debug */ = {
			isa = XCBuildConfiguration;
			buildSettings = {
				ALWAYS_SEARCH_USER_PATHS = NO;
				CLANG_CXX_LANGUAGE_STANDARD = "gnu++0x";
				CLANG_CXX_LIBRARY = "libc++";
				CLANG_ENABLE_MODULES = YES;
				CLANG_ENABLE_OBJC_ARC = YES;
				CLANG_WARN_BOOL_CONVERSION = YES;
				CLANG_WARN_CONSTANT_CONVERSION = YES;
				CLANG_WARN_DIRECT_OBJC_ISA_USAGE = YES_ERROR;
				CLANG_WARN_EMPTY_BODY = YES;
				CLANG_WARN_ENUM_CONVERSION = YES;
				CLANG_WARN_INT_CONVERSION = YES;
				CLANG_WARN_OBJC_ROOT_CLASS = YES_ERROR;
				CLANG_WARN_UNREACHABLE_CODE = YES;
				CLANG_WARN__DUPLICATE_METHOD_MATCH = YES;
				"CODE_SIGN_IDENTITY[sdk=iphoneos*]" = "iPhone Developer";
				COPY_PHASE_STRIP = NO;
				ENABLE_STRICT_OBJC_MSGSEND = YES;
				GCC_C_LANGUAGE_STANDARD = gnu99;
				GCC_DYNAMIC_NO_PIC = NO;
				GCC_OPTIMIZATION_LEVEL = 0;
				GCC_PREPROCESSOR_DEFINITIONS = (
					"DEBUG=1",
					"$(inherited)",
				);
				GCC_SYMBOLS_PRIVATE_EXTERN = NO;
				GCC_WARN_64_TO_32_BIT_CONVERSION = YES;
				GCC_WARN_ABOUT_RETURN_TYPE = YES_ERROR;
				GCC_WARN_UNDECLARED_SELECTOR = YES;
				GCC_WARN_UNINITIALIZED_AUTOS = YES_AGGRESSIVE;
				GCC_WARN_UNUSED_FUNCTION = YES;
				GCC_WARN_UNUSED_VARIABLE = YES;
				IPHONEOS_DEPLOYMENT_TARGET = 8.2;
				MTL_ENABLE_DEBUG_INFO = YES;
				ONLY_ACTIVE_ARCH = YES;
				SDKROOT = iphoneos;
				SWIFT_OPTIMIZATION_LEVEL = "-Onone";
			};
			name = Debug;
		};
		806EEDB21ABE21A200D89905 /* Release */ = {
			isa = XCBuildConfiguration;
			buildSettings = {
				ALWAYS_SEARCH_USER_PATHS = NO;
				CLANG_CXX_LANGUAGE_STANDARD = "gnu++0x";
				CLANG_CXX_LIBRARY = "libc++";
				CLANG_ENABLE_MODULES = YES;
				CLANG_ENABLE_OBJC_ARC = YES;
				CLANG_WARN_BOOL_CONVERSION = YES;
				CLANG_WARN_CONSTANT_CONVERSION = YES;
				CLANG_WARN_DIRECT_OBJC_ISA_USAGE = YES_ERROR;
				CLANG_WARN_EMPTY_BODY = YES;
				CLANG_WARN_ENUM_CONVERSION = YES;
				CLANG_WARN_INT_CONVERSION = YES;
				CLANG_WARN_OBJC_ROOT_CLASS = YES_ERROR;
				CLANG_WARN_UNREACHABLE_CODE = YES;
				CLANG_WARN__DUPLICATE_METHOD_MATCH = YES;
				"CODE_SIGN_IDENTITY[sdk=iphoneos*]" = "iPhone Developer";
				COPY_PHASE_STRIP = NO;
				ENABLE_NS_ASSERTIONS = NO;
				ENABLE_STRICT_OBJC_MSGSEND = YES;
				GCC_C_LANGUAGE_STANDARD = gnu99;
				GCC_WARN_64_TO_32_BIT_CONVERSION = YES;
				GCC_WARN_ABOUT_RETURN_TYPE = YES_ERROR;
				GCC_WARN_UNDECLARED_SELECTOR = YES;
				GCC_WARN_UNINITIALIZED_AUTOS = YES_AGGRESSIVE;
				GCC_WARN_UNUSED_FUNCTION = YES;
				GCC_WARN_UNUSED_VARIABLE = YES;
				IPHONEOS_DEPLOYMENT_TARGET = 8.2;
				MTL_ENABLE_DEBUG_INFO = NO;
				SDKROOT = iphoneos;
				VALIDATE_PRODUCT = YES;
			};
			name = Release;
		};
		806EEDB41ABE21A200D89905 /* Debug */ = {
			isa = XCBuildConfiguration;
			baseConfigurationReference = 7830E65C6DE7186282D34726 /* Pods-HW8-ToDoFour.debug.xcconfig */;
			buildSettings = {
				ASSETCATALOG_COMPILER_APPICON_NAME = AppIcon;
				INFOPLIST_FILE = "HW8-ToDoFour/Info.plist";
				LD_RUNPATH_SEARCH_PATHS = "$(inherited) @executable_path/Frameworks";
				PRODUCT_NAME = "$(TARGET_NAME)";
			};
			name = Debug;
		};
		806EEDB51ABE21A200D89905 /* Release */ = {
			isa = XCBuildConfiguration;
			baseConfigurationReference = 6781A4002229E548981AA140 /* Pods-HW8-ToDoFour.release.xcconfig */;
			buildSettings = {
				ASSETCATALOG_COMPILER_APPICON_NAME = AppIcon;
				INFOPLIST_FILE = "HW8-ToDoFour/Info.plist";
				LD_RUNPATH_SEARCH_PATHS = "$(inherited) @executable_path/Frameworks";
				PRODUCT_NAME = "$(TARGET_NAME)";
			};
			name = Release;
		};
		806EEDB71ABE21A200D89905 /* Debug */ = {
			isa = XCBuildConfiguration;
			buildSettings = {
				BUNDLE_LOADER = "$(TEST_HOST)";
				FRAMEWORK_SEARCH_PATHS = (
					"$(SDKROOT)/Developer/Library/Frameworks",
					"$(inherited)",
				);
				GCC_PREPROCESSOR_DEFINITIONS = (
					"DEBUG=1",
					"$(inherited)",
				);
				INFOPLIST_FILE = "HW8-ToDoFourTests/Info.plist";
				LD_RUNPATH_SEARCH_PATHS = "$(inherited) @executable_path/Frameworks @loader_path/Frameworks";
				PRODUCT_NAME = "$(TARGET_NAME)";
				TEST_HOST = "$(BUILT_PRODUCTS_DIR)/HW8-ToDoFour.app/HW8-ToDoFour";
			};
			name = Debug;
		};
		806EEDB81ABE21A200D89905 /* Release */ = {
			isa = XCBuildConfiguration;
			buildSettings = {
				BUNDLE_LOADER = "$(TEST_HOST)";
				FRAMEWORK_SEARCH_PATHS = (
					"$(SDKROOT)/Developer/Library/Frameworks",
					"$(inherited)",
				);
				INFOPLIST_FILE = "HW8-ToDoFourTests/Info.plist";
				LD_RUNPATH_SEARCH_PATHS = "$(inherited) @executable_path/Frameworks @loader_path/Frameworks";
				PRODUCT_NAME = "$(TARGET_NAME)";
				TEST_HOST = "$(BUILT_PRODUCTS_DIR)/HW8-ToDoFour.app/HW8-ToDoFour";
			};
			name = Release;
		};
/* End XCBuildConfiguration section */

/* Begin XCConfigurationList section */
		806EED8F1ABE21A200D89905 /* Build configuration list for PBXProject "HW8-ToDoFour" */ = {
			isa = XCConfigurationList;
			buildConfigurations = (
				806EEDB11ABE21A200D89905 /* Debug */,
				806EEDB21ABE21A200D89905 /* Release */,
			);
			defaultConfigurationIsVisible = 0;
			defaultConfigurationName = Release;
		};
		806EEDB31ABE21A200D89905 /* Build configuration list for PBXNativeTarget "HW8-ToDoFour" */ = {
			isa = XCConfigurationList;
			buildConfigurations = (
				806EEDB41ABE21A200D89905 /* Debug */,
				806EEDB51ABE21A200D89905 /* Release */,
			);
			defaultConfigurationIsVisible = 0;
			defaultConfigurationName = Release;
		};
		806EEDB61ABE21A200D89905 /* Build configuration list for PBXNativeTarget "HW8-ToDoFourTests" */ = {
			isa = XCConfigurationList;
			buildConfigurations = (
				806EEDB71ABE21A200D89905 /* Debug */,
				806EEDB81ABE21A200D89905 /* Release */,
			);
			defaultConfigurationIsVisible = 0;
			defaultConfigurationName = Release;
		};
/* End XCConfigurationList section */
	};
	rootObject = 806EED8C1ABE21A200D89905 /* Project object */;
}
