// !$*UTF8*$!
{
	archiveVersion = 1;
	classes = {
	};
	objectVersion = 46;
	objects = {

/* Begin PBXBuildFile section */
		801269591A9BF69A008DBE9C /* AppDelegate.swift in Sources */ = {isa = PBXBuildFile; fileRef = 801269581A9BF69A008DBE9C /* AppDelegate.swift */; };
		8012695B1A9BF69A008DBE9C /* ViewController.swift in Sources */ = {isa = PBXBuildFile; fileRef = 8012695A1A9BF69A008DBE9C /* ViewController.swift */; };
		8012695E1A9BF69A008DBE9C /* Main.storyboard in Resources */ = {isa = PBXBuildFile; fileRef = 8012695C1A9BF69A008DBE9C /* Main.storyboard */; };
		801269601A9BF69A008DBE9C /* Images.xcassets in Resources */ = {isa = PBXBuildFile; fileRef = 8012695F1A9BF69A008DBE9C /* Images.xcassets */; };
		801269631A9BF69A008DBE9C /* LaunchScreen.xib in Resources */ = {isa = PBXBuildFile; fileRef = 801269611A9BF69A008DBE9C /* LaunchScreen.xib */; };
		8012696F1A9BF69A008DBE9C /* InClassToDoAppPracticeTests.swift in Sources */ = {isa = PBXBuildFile; fileRef = 8012696E1A9BF69A008DBE9C /* InClassToDoAppPracticeTests.swift */; };
/* End PBXBuildFile section */

/* Begin PBXContainerItemProxy section */
		801269691A9BF69A008DBE9C /* PBXContainerItemProxy */ = {
			isa = PBXContainerItemProxy;
			containerPortal = 8012694B1A9BF69A008DBE9C /* Project object */;
			proxyType = 1;
			remoteGlobalIDString = 801269521A9BF69A008DBE9C;
			remoteInfo = InClassToDoAppPractice;
		};
/* End PBXContainerItemProxy section */

/* Begin PBXFileReference section */
		801269531A9BF69A008DBE9C /* InClassToDoAppPractice.app */ = {isa = PBXFileReference; explicitFileType = wrapper.application; includeInIndex = 0; path = InClassToDoAppPractice.app; sourceTree = BUILT_PRODUCTS_DIR; };
		801269571A9BF69A008DBE9C /* Info.plist */ = {isa = PBXFileReference; lastKnownFileType = text.plist.xml; path = Info.plist; sourceTree = "<group>"; };
		801269581A9BF69A008DBE9C /* AppDelegate.swift */ = {isa = PBXFileReference; lastKnownFileType = sourcecode.swift; path = AppDelegate.swift; sourceTree = "<group>"; };
		8012695A1A9BF69A008DBE9C /* ViewController.swift */ = {isa = PBXFileReference; lastKnownFileType = sourcecode.swift; path = ViewController.swift; sourceTree = "<group>"; };
		8012695D1A9BF69A008DBE9C /* Base */ = {isa = PBXFileReference; lastKnownFileType = file.storyboard; name = Base; path = Base.lproj/Main.storyboard; sourceTree = "<group>"; };
		8012695F1A9BF69A008DBE9C /* Images.xcassets */ = {isa = PBXFileReference; lastKnownFileType = folder.assetcatalog; path = Images.xcassets; sourceTree = "<group>"; };
		801269621A9BF69A008DBE9C /* Base */ = {isa = PBXFileReference; lastKnownFileType = file.xib; name = Base; path = Base.lproj/LaunchScreen.xib; sourceTree = "<group>"; };
		801269681A9BF69A008DBE9C /* InClassToDoAppPracticeTests.xctest */ = {isa = PBXFileReference; explicitFileType = wrapper.cfbundle; includeInIndex = 0; path = InClassToDoAppPracticeTests.xctest; sourceTree = BUILT_PRODUCTS_DIR; };
		8012696D1A9BF69A008DBE9C /* Info.plist */ = {isa = PBXFileReference; lastKnownFileType = text.plist.xml; path = Info.plist; sourceTree = "<group>"; };
		8012696E1A9BF69A008DBE9C /* InClassToDoAppPracticeTests.swift */ = {isa = PBXFileReference; lastKnownFileType = sourcecode.swift; path = InClassToDoAppPracticeTests.swift; sourceTree = "<group>"; };
/* End PBXFileReference section */

/* Begin PBXFrameworksBuildPhase section */
		801269501A9BF69A008DBE9C /* Frameworks */ = {
			isa = PBXFrameworksBuildPhase;
			buildActionMask = 2147483647;
			files = (
			);
			runOnlyForDeploymentPostprocessing = 0;
		};
		801269651A9BF69A008DBE9C /* Frameworks */ = {
			isa = PBXFrameworksBuildPhase;
			buildActionMask = 2147483647;
			files = (
			);
			runOnlyForDeploymentPostprocessing = 0;
		};
/* End PBXFrameworksBuildPhase section */

/* Begin PBXGroup section */
		8012694A1A9BF69A008DBE9C = {
			isa = PBXGroup;
			children = (
				801269551A9BF69A008DBE9C /* InClassToDoAppPractice */,
				8012696B1A9BF69A008DBE9C /* InClassToDoAppPracticeTests */,
				801269541A9BF69A008DBE9C /* Products */,
			);
			sourceTree = "<group>";
		};
		801269541A9BF69A008DBE9C /* Products */ = {
			isa = PBXGroup;
			children = (
				801269531A9BF69A008DBE9C /* InClassToDoAppPractice.app */,
				801269681A9BF69A008DBE9C /* InClassToDoAppPracticeTests.xctest */,
			);
			name = Products;
			sourceTree = "<group>";
		};
		801269551A9BF69A008DBE9C /* InClassToDoAppPractice */ = {
			isa = PBXGroup;
			children = (
				801269581A9BF69A008DBE9C /* AppDelegate.swift */,
				8012695A1A9BF69A008DBE9C /* ViewController.swift */,
				8012695C1A9BF69A008DBE9C /* Main.storyboard */,
				8012695F1A9BF69A008DBE9C /* Images.xcassets */,
				801269611A9BF69A008DBE9C /* LaunchScreen.xib */,
				801269561A9BF69A008DBE9C /* Supporting Files */,
			);
			path = InClassToDoAppPractice;
			sourceTree = "<group>";
		};
		801269561A9BF69A008DBE9C /* Supporting Files */ = {
			isa = PBXGroup;
			children = (
				801269571A9BF69A008DBE9C /* Info.plist */,
			);
			name = "Supporting Files";
			sourceTree = "<group>";
		};
		8012696B1A9BF69A008DBE9C /* InClassToDoAppPracticeTests */ = {
			isa = PBXGroup;
			children = (
				8012696E1A9BF69A008DBE9C /* InClassToDoAppPracticeTests.swift */,
				8012696C1A9BF69A008DBE9C /* Supporting Files */,
			);
			path = InClassToDoAppPracticeTests;
			sourceTree = "<group>";
		};
		8012696C1A9BF69A008DBE9C /* Supporting Files */ = {
			isa = PBXGroup;
			children = (
				8012696D1A9BF69A008DBE9C /* Info.plist */,
			);
			name = "Supporting Files";
			sourceTree = "<group>";
		};
/* End PBXGroup section */

/* Begin PBXNativeTarget section */
		801269521A9BF69A008DBE9C /* InClassToDoAppPractice */ = {
			isa = PBXNativeTarget;
			buildConfigurationList = 801269721A9BF69A008DBE9C /* Build configuration list for PBXNativeTarget "InClassToDoAppPractice" */;
			buildPhases = (
				8012694F1A9BF69A008DBE9C /* Sources */,
				801269501A9BF69A008DBE9C /* Frameworks */,
				801269511A9BF69A008DBE9C /* Resources */,
			);
			buildRules = (
			);
			dependencies = (
			);
			name = InClassToDoAppPractice;
			productName = InClassToDoAppPractice;
			productReference = 801269531A9BF69A008DBE9C /* InClassToDoAppPractice.app */;
			productType = "com.apple.product-type.application";
		};
		801269671A9BF69A008DBE9C /* InClassToDoAppPracticeTests */ = {
			isa = PBXNativeTarget;
			buildConfigurationList = 801269751A9BF69A008DBE9C /* Build configuration list for PBXNativeTarget "InClassToDoAppPracticeTests" */;
			buildPhases = (
				801269641A9BF69A008DBE9C /* Sources */,
				801269651A9BF69A008DBE9C /* Frameworks */,
				801269661A9BF69A008DBE9C /* Resources */,
			);
			buildRules = (
			);
			dependencies = (
				8012696A1A9BF69A008DBE9C /* PBXTargetDependency */,
			);
			name = InClassToDoAppPracticeTests;
			productName = InClassToDoAppPracticeTests;
			productReference = 801269681A9BF69A008DBE9C /* InClassToDoAppPracticeTests.xctest */;
			productType = "com.apple.product-type.bundle.unit-test";
		};
/* End PBXNativeTarget section */

/* Begin PBXProject section */
		8012694B1A9BF69A008DBE9C /* Project object */ = {
			isa = PBXProject;
			attributes = {
				LastUpgradeCheck = 0610;
				ORGANIZATIONNAME = "Bumhan Yu";
				TargetAttributes = {
					801269521A9BF69A008DBE9C = {
						CreatedOnToolsVersion = 6.1;
					};
					801269671A9BF69A008DBE9C = {
						CreatedOnToolsVersion = 6.1;
						TestTargetID = 801269521A9BF69A008DBE9C;
					};
				};
			};
			buildConfigurationList = 8012694E1A9BF69A008DBE9C /* Build configuration list for PBXProject "InClassToDoAppPractice" */;
			compatibilityVersion = "Xcode 3.2";
			developmentRegion = English;
			hasScannedForEncodings = 0;
			knownRegions = (
				en,
				Base,
			);
			mainGroup = 8012694A1A9BF69A008DBE9C;
			productRefGroup = 801269541A9BF69A008DBE9C /* Products */;
			projectDirPath = "";
			projectRoot = "";
			targets = (
				801269521A9BF69A008DBE9C /* InClassToDoAppPractice */,
				801269671A9BF69A008DBE9C /* InClassToDoAppPracticeTests */,
			);
		};
/* End PBXProject section */

/* Begin PBXResourcesBuildPhase section */
		801269511A9BF69A008DBE9C /* Resources */ = {
			isa = PBXResourcesBuildPhase;
			buildActionMask = 2147483647;
			files = (
				8012695E1A9BF69A008DBE9C /* Main.storyboard in Resources */,
				801269631A9BF69A008DBE9C /* LaunchScreen.xib in Resources */,
				801269601A9BF69A008DBE9C /* Images.xcassets in Resources */,
			);
			runOnlyForDeploymentPostprocessing = 0;
		};
		801269661A9BF69A008DBE9C /* Resources */ = {
			isa = PBXResourcesBuildPhase;
			buildActionMask = 2147483647;
			files = (
			);
			runOnlyForDeploymentPostprocessing = 0;
		};
/* End PBXResourcesBuildPhase section */

/* Begin PBXSourcesBuildPhase section */
		8012694F1A9BF69A008DBE9C /* Sources */ = {
			isa = PBXSourcesBuildPhase;
			buildActionMask = 2147483647;
			files = (
				8012695B1A9BF69A008DBE9C /* ViewController.swift in Sources */,
				801269591A9BF69A008DBE9C /* AppDelegate.swift in Sources */,
			);
			runOnlyForDeploymentPostprocessing = 0;
		};
		801269641A9BF69A008DBE9C /* Sources */ = {
			isa = PBXSourcesBuildPhase;
			buildActionMask = 2147483647;
			files = (
				8012696F1A9BF69A008DBE9C /* InClassToDoAppPracticeTests.swift in Sources */,
			);
			runOnlyForDeploymentPostprocessing = 0;
		};
/* End PBXSourcesBuildPhase section */

/* Begin PBXTargetDependency section */
		8012696A1A9BF69A008DBE9C /* PBXTargetDependency */ = {
			isa = PBXTargetDependency;
			target = 801269521A9BF69A008DBE9C /* InClassToDoAppPractice */;
			targetProxy = 801269691A9BF69A008DBE9C /* PBXContainerItemProxy */;
		};
/* End PBXTargetDependency section */

/* Begin PBXVariantGroup section */
		8012695C1A9BF69A008DBE9C /* Main.storyboard */ = {
			isa = PBXVariantGroup;
			children = (
				8012695D1A9BF69A008DBE9C /* Base */,
			);
			name = Main.storyboard;
			sourceTree = "<group>";
		};
		801269611A9BF69A008DBE9C /* LaunchScreen.xib */ = {
			isa = PBXVariantGroup;
			children = (
				801269621A9BF69A008DBE9C /* Base */,
			);
			name = LaunchScreen.xib;
			sourceTree = "<group>";
		};
/* End PBXVariantGroup section */

/* Begin XCBuildConfiguration section */
		801269701A9BF69A008DBE9C /* Debug */ = {
			isa = XCBuildConfiguration;
			buildSettings = {
				ALWAYS_SEARCH_USER_PATHS = NO;
				CLANG_CXX_LANGUAGE_STANDARD = "gnu++0x";
				CLANG_CXX_LIBRARY = "libc++";
				CLANG_ENABLE_MODULES = YES;
				CLANG_ENABLE_OBJC_ARC = YES;
				CLANG_WARN_BOOL_CONVERSION = YES;
				CLANG_WARN_CONSTANT_CONVERSION = YES;
				CLANG_WARN_DIRECT_OBJC_ISA_USAGE = YES_ERROR;
				CLANG_WARN_EMPTY_BODY = YES;
				CLANG_WARN_ENUM_CONVERSION = YES;
				CLANG_WARN_INT_CONVERSION = YES;
				CLANG_WARN_OBJC_ROOT_CLASS = YES_ERROR;
				CLANG_WARN_UNREACHABLE_CODE = YES;
				CLANG_WARN__DUPLICATE_METHOD_MATCH = YES;
				"CODE_SIGN_IDENTITY[sdk=iphoneos*]" = "iPhone Developer";
				COPY_PHASE_STRIP = NO;
				ENABLE_STRICT_OBJC_MSGSEND = YES;
				GCC_C_LANGUAGE_STANDARD = gnu99;
				GCC_DYNAMIC_NO_PIC = NO;
				GCC_OPTIMIZATION_LEVEL = 0;
				GCC_PREPROCESSOR_DEFINITIONS = (
					"DEBUG=1",
					"$(inherited)",
				);
				GCC_SYMBOLS_PRIVATE_EXTERN = NO;
				GCC_WARN_64_TO_32_BIT_CONVERSION = YES;
				GCC_WARN_ABOUT_RETURN_TYPE = YES_ERROR;
				GCC_WARN_UNDECLARED_SELECTOR = YES;
				GCC_WARN_UNINITIALIZED_AUTOS = YES_AGGRESSIVE;
				GCC_WARN_UNUSED_FUNCTION = YES;
				GCC_WARN_UNUSED_VARIABLE = YES;
				IPHONEOS_DEPLOYMENT_TARGET = 8.1;
				MTL_ENABLE_DEBUG_INFO = YES;
				ONLY_ACTIVE_ARCH = YES;
				SDKROOT = iphoneos;
				SWIFT_OPTIMIZATION_LEVEL = "-Onone";
			};
			name = Debug;
		};
		801269711A9BF69A008DBE9C /* Release */ = {
			isa = XCBuildConfiguration;
			buildSettings = {
				ALWAYS_SEARCH_USER_PATHS = NO;
				CLANG_CXX_LANGUAGE_STANDARD = "gnu++0x";
				CLANG_CXX_LIBRARY = "libc++";
				CLANG_ENABLE_MODULES = YES;
				CLANG_ENABLE_OBJC_ARC = YES;
				CLANG_WARN_BOOL_CONVERSION = YES;
				CLANG_WARN_CONSTANT_CONVERSION = YES;
				CLANG_WARN_DIRECT_OBJC_ISA_USAGE = YES_ERROR;
				CLANG_WARN_EMPTY_BODY = YES;
				CLANG_WARN_ENUM_CONVERSION = YES;
				CLANG_WARN_INT_CONVERSION = YES;
				CLANG_WARN_OBJC_ROOT_CLASS = YES_ERROR;
				CLANG_WARN_UNREACHABLE_CODE = YES;
				CLANG_WARN__DUPLICATE_METHOD_MATCH = YES;
				"CODE_SIGN_IDENTITY[sdk=iphoneos*]" = "iPhone Developer";
				COPY_PHASE_STRIP = YES;
				ENABLE_NS_ASSERTIONS = NO;
				ENABLE_STRICT_OBJC_MSGSEND = YES;
				GCC_C_LANGUAGE_STANDARD = gnu99;
				GCC_WARN_64_TO_32_BIT_CONVERSION = YES;
				GCC_WARN_ABOUT_RETURN_TYPE = YES_ERROR;
				GCC_WARN_UNDECLARED_SELECTOR = YES;
				GCC_WARN_UNINITIALIZED_AUTOS = YES_AGGRESSIVE;
				GCC_WARN_UNUSED_FUNCTION = YES;
				GCC_WARN_UNUSED_VARIABLE = YES;
				IPHONEOS_DEPLOYMENT_TARGET = 8.1;
				MTL_ENABLE_DEBUG_INFO = NO;
				SDKROOT = iphoneos;
				VALIDATE_PRODUCT = YES;
			};
			name = Release;
		};
		801269731A9BF69A008DBE9C /* Debug */ = {
			isa = XCBuildConfiguration;
			buildSettings = {
				ASSETCATALOG_COMPILER_APPICON_NAME = AppIcon;
				INFOPLIST_FILE = InClassToDoAppPractice/Info.plist;
				LD_RUNPATH_SEARCH_PATHS = "$(inherited) @executable_path/Frameworks";
				PRODUCT_NAME = "$(TARGET_NAME)";
			};
			name = Debug;
		};
		801269741A9BF69A008DBE9C /* Release */ = {
			isa = XCBuildConfiguration;
			buildSettings = {
				ASSETCATALOG_COMPILER_APPICON_NAME = AppIcon;
				INFOPLIST_FILE = InClassToDoAppPractice/Info.plist;
				LD_RUNPATH_SEARCH_PATHS = "$(inherited) @executable_path/Frameworks";
				PRODUCT_NAME = "$(TARGET_NAME)";
			};
			name = Release;
		};
		801269761A9BF69A008DBE9C /* Debug */ = {
			isa = XCBuildConfiguration;
			buildSettings = {
				BUNDLE_LOADER = "$(TEST_HOST)";
				FRAMEWORK_SEARCH_PATHS = (
					"$(SDKROOT)/Developer/Library/Frameworks",
					"$(inherited)",
				);
				GCC_PREPROCESSOR_DEFINITIONS = (
					"DEBUG=1",
					"$(inherited)",
				);
				INFOPLIST_FILE = InClassToDoAppPracticeTests/Info.plist;
				LD_RUNPATH_SEARCH_PATHS = "$(inherited) @executable_path/Frameworks @loader_path/Frameworks";
				PRODUCT_NAME = "$(TARGET_NAME)";
				TEST_HOST = "$(BUILT_PRODUCTS_DIR)/InClassToDoAppPractice.app/InClassToDoAppPractice";
			};
			name = Debug;
		};
		801269771A9BF69A008DBE9C /* Release */ = {
			isa = XCBuildConfiguration;
			buildSettings = {
				BUNDLE_LOADER = "$(TEST_HOST)";
				FRAMEWORK_SEARCH_PATHS = (
					"$(SDKROOT)/Developer/Library/Frameworks",
					"$(inherited)",
				);
				INFOPLIST_FILE = InClassToDoAppPracticeTests/Info.plist;
				LD_RUNPATH_SEARCH_PATHS = "$(inherited) @executable_path/Frameworks @loader_path/Frameworks";
				PRODUCT_NAME = "$(TARGET_NAME)";
				TEST_HOST = "$(BUILT_PRODUCTS_DIR)/InClassToDoAppPractice.app/InClassToDoAppPractice";
			};
			name = Release;
		};
/* End XCBuildConfiguration section */

/* Begin XCConfigurationList section */
		8012694E1A9BF69A008DBE9C /* Build configuration list for PBXProject "InClassToDoAppPractice" */ = {
			isa = XCConfigurationList;
			buildConfigurations = (
				801269701A9BF69A008DBE9C /* Debug */,
				801269711A9BF69A008DBE9C /* Release */,
			);
			defaultConfigurationIsVisible = 0;
			defaultConfigurationName = Release;
		};
		801269721A9BF69A008DBE9C /* Build configuration list for PBXNativeTarget "InClassToDoAppPractice" */ = {
			isa = XCConfigurationList;
			buildConfigurations = (
				801269731A9BF69A008DBE9C /* Debug */,
				801269741A9BF69A008DBE9C /* Release */,
			);
			defaultConfigurationIsVisible = 0;
		};
		801269751A9BF69A008DBE9C /* Build configuration list for PBXNativeTarget "InClassToDoAppPracticeTests" */ = {
			isa = XCConfigurationList;
			buildConfigurations = (
				801269761A9BF69A008DBE9C /* Debug */,
				801269771A9BF69A008DBE9C /* Release */,
			);
			defaultConfigurationIsVisible = 0;
		};
/* End XCConfigurationList section */
	};
	rootObject = 8012694B1A9BF69A008DBE9C /* Project object */;
}
